{
  "name": "foodhunt",
  "lockfileVersion": 3,
  "requires": true,
  "packages": {
<<<<<<< HEAD
<<<<<<< HEAD
=======
=======
>>>>>>> 447a190aabf8db9367714cb8458c1572ade9f77f
    "": {
      "dependencies": {
        "dotenv": "^16.5.0"
      }
    },
<<<<<<< HEAD
>>>>>>> 3cc67fad624dfd05f7b615060c607d42cc077eeb
=======
=======
>>>>>>> dd923949fbe93143265b1950eac9f1d1a645f952
>>>>>>> 447a190aabf8db9367714cb8458c1572ade9f77f
    "node_modules/dotenv": {
      "version": "16.6.1",
      "resolved": "https://registry.npmjs.org/dotenv/-/dotenv-16.6.1.tgz",
      "integrity": "sha512-uBq4egWHTcTt33a72vpSG0z3HnPuIl6NqYcTrKEg2azoEyl2hpW0zqlxysq2pK9HlDIHyHyakeYaYnSAwd8bow==",
      "license": "BSD-2-Clause",
      "engines": {
        "node": ">=12"
      },
      "funding": {
        "url": "https://dotenvx.com"
      }
    }
  }
}
